
Microsoft Visual Studio Solution File, Format Version 11.00
# Visual C# Express 2010
Project("{FAE04EC0-301F-11D3-BF4B-00C04F79EFBC}") = "GameProject", "GameProject\GameProject\GameProject.csproj", "{3D9FB729-B9DB-48EA-B59A-382197CDF5C6}"
EndProject
Project("{96E2B04D-8817-42C6-938A-82C39BA4D311}") = "GameProjectContent", "GameProject\GameProjectContent\GameProjectContent.contentproj", "{1C1E4889-506A-4A62-B55E-21774C08C7C0}"
EndProject
Global
	GlobalSection(SolutionConfigurationPlatforms) = preSolution
		Debug|x86 = Debug|x86
		Release|x86 = Release|x86
	EndGlobalSection
	GlobalSection(ProjectConfigurationPlatforms) = postSolution
		{3D9FB729-B9DB-48EA-B59A-382197CDF5C6}.Debug|x86.ActiveCfg = Debug|x86
		{3D9FB729-B9DB-48EA-B59A-382197CDF5C6}.Debug|x86.Build.0 = Debug|x86
		{3D9FB729-B9DB-48EA-B59A-382197CDF5C6}.Release|x86.ActiveCfg = Release|x86
		{3D9FB729-B9DB-48EA-B59A-382197CDF5C6}.Release|x86.Build.0 = Release|x86
		{1C1E4889-506A-4A62-B55E-21774C08C7C0}.Debug|x86.ActiveCfg = Debug|x86
		{1C1E4889-506A-4A62-B55E-21774C08C7C0}.Release|x86.ActiveCfg = Release|x86
	EndGlobalSection
	GlobalSection(SolutionProperties) = preSolution
		HideSolutionNode = FALSE
	EndGlobalSection
EndGlobal
